
Microsoft Visual Studio Solution File, Format Version 12.00
# Visual Studio Version 17
VisualStudioVersion = 17.4.33103.184
MinimumVisualStudioVersion = 10.0.40219.1
Project("{9A19103F-16F7-4668-BE54-9A1E7A4F7556}") = "WebApi", "WebApi.csproj", "{3D162561-DCFA-4506-ACC1-1E114007ED74}"
EndProject
Project("{FAE04EC0-301F-11D3-BF4B-00C04F79EFBC}") = "User.Management.Service", "..\User.Management.Service\User.Management.Service.csproj", "{1082C73F-1180-49BA-AF84-48FD856F4C95}"
EndProject
Global
	GlobalSection(SolutionConfigurationPlatforms) = preSolution
		Debug|Any CPU = Debug|Any CPU
		Release|Any CPU = Release|Any CPU
	EndGlobalSection
	GlobalSection(ProjectConfigurationPlatforms) = postSolution
		{3D162561-DCFA-4506-ACC1-1E114007ED74}.Debug|Any CPU.ActiveCfg = Debug|Any CPU
		{3D162561-DCFA-4506-ACC1-1E114007ED74}.Debug|Any CPU.Build.0 = Debug|Any CPU
		{3D162561-DCFA-4506-ACC1-1E114007ED74}.Release|Any CPU.ActiveCfg = Release|Any CPU
		{3D162561-DCFA-4506-ACC1-1E114007ED74}.Release|Any CPU.Build.0 = Release|Any CPU
		{1082C73F-1180-49BA-AF84-48FD856F4C95}.Debug|Any CPU.ActiveCfg = Debug|Any CPU
		{1082C73F-1180-49BA-AF84-48FD856F4C95}.Debug|Any CPU.Build.0 = Debug|Any CPU
		{1082C73F-1180-49BA-AF84-48FD856F4C95}.Release|Any CPU.ActiveCfg = Release|Any CPU
		{1082C73F-1180-49BA-AF84-48FD856F4C95}.Release|Any CPU.Build.0 = Release|Any CPU
	EndGlobalSection
	GlobalSection(SolutionProperties) = preSolution
		HideSolutionNode = FALSE
	EndGlobalSection
	GlobalSection(ExtensibilityGlobals) = postSolution
		SolutionGuid = {D6B75399-E929-4233-B6E8-37492B96EBE7}
	EndGlobalSection
EndGlobal
